
Microsoft Visual Studio Solution File, Format Version 12.00
# Visual Studio 15
VisualStudioVersion = 15.0.28307.1401
MinimumVisualStudioVersion = 10.0.40219.1
Project("{FAE04EC0-301F-11D3-BF4B-00C04F79EFBC}") = "SemaphoreSlimTaskQueue", "SemaphoreSlimTaskQueue\SemaphoreSlimTaskQueue.csproj", "{AD3BA71B-BE0F-43EA-8A95-075C43B813C4}"
EndProject
Global
	GlobalSection(SolutionConfigurationPlatforms) = preSolution
		Debug|Any CPU = Debug|Any CPU
		Release|Any CPU = Release|Any CPU
	EndGlobalSection
	GlobalSection(ProjectConfigurationPlatforms) = postSolution
		{AD3BA71B-BE0F-43EA-8A95-075C43B813C4}.Debug|Any CPU.ActiveCfg = Debug|Any CPU
		{AD3BA71B-BE0F-43EA-8A95-075C43B813C4}.Debug|Any CPU.Build.0 = Debug|Any CPU
		{AD3BA71B-BE0F-43EA-8A95-075C43B813C4}.Release|Any CPU.ActiveCfg = Release|Any CPU
		{AD3BA71B-BE0F-43EA-8A95-075C43B813C4}.Release|Any CPU.Build.0 = Release|Any CPU
	EndGlobalSection
	GlobalSection(SolutionProperties) = preSolution
		HideSolutionNode = FALSE
	EndGlobalSection
	GlobalSection(ExtensibilityGlobals) = postSolution
		SolutionGuid = {4DADF982-639C-4ADB-8D9F-A6FB71483A57}
	EndGlobalSection
EndGlobal
